// !$*UTF8*$!
{
	archiveVersion = 1;
	classes = {
	};
	objectVersion = 50;
	objects = {

/* Begin PBXBuildFile section */
		FF16F9042B66EDAF00BC053D /* UIImageView+Extensions.swift in Sources */ = {isa = PBXBuildFile; fileRef = FF16F9032B66EDAF00BC053D /* UIImageView+Extensions.swift */; };
		FF9749282B6537130068156C /* AppDelegate.swift in Sources */ = {isa = PBXBuildFile; fileRef = FF9749272B6537130068156C /* AppDelegate.swift */; };
		FF97492A2B6537130068156C /* SceneDelegate.swift in Sources */ = {isa = PBXBuildFile; fileRef = FF9749292B6537130068156C /* SceneDelegate.swift */; };
		FF97492C2B6537130068156C /* MainViewController.swift in Sources */ = {isa = PBXBuildFile; fileRef = FF97492B2B6537130068156C /* MainViewController.swift */; };
		FF9749312B6537140068156C /* Assets.xcassets in Resources */ = {isa = PBXBuildFile; fileRef = FF9749302B6537140068156C /* Assets.xcassets */; };
		FF9749342B6537140068156C /* LaunchScreen.storyboard in Resources */ = {isa = PBXBuildFile; fileRef = FF9749322B6537140068156C /* LaunchScreen.storyboard */; };
		FF97493E2B653DBF0068156C /* MainViewModel.swift in Sources */ = {isa = PBXBuildFile; fileRef = FF97493D2B653DBF0068156C /* MainViewModel.swift */; };
		FF9749442B6549630068156C /* Character.swift in Sources */ = {isa = PBXBuildFile; fileRef = FF9749432B6549630068156C /* Character.swift */; };
		FF9749462B6553A10068156C /* URLSession+Extensions.swift in Sources */ = {isa = PBXBuildFile; fileRef = FF9749452B6553A10068156C /* URLSession+Extensions.swift */; };
		FF97494A2B6555310068156C /* NetworkError.swift in Sources */ = {isa = PBXBuildFile; fileRef = FF9749492B6555310068156C /* NetworkError.swift */; };
		FF97494C2B655CD50068156C /* NetworkService.swift in Sources */ = {isa = PBXBuildFile; fileRef = FF97494B2B655CD50068156C /* NetworkService.swift */; };
		FF97494E2B655EE50068156C /* NetworkFacade.swift in Sources */ = {isa = PBXBuildFile; fileRef = FF97494D2B655EE50068156C /* NetworkFacade.swift */; };
		FF9749502B66CA110068156C /* MainConstraintCell.swift in Sources */ = {isa = PBXBuildFile; fileRef = FF97494F2B66CA110068156C /* MainConstraintCell.swift */; };
		FF9749522B66CEDF0068156C /* MainCellViewModel.swift in Sources */ = {isa = PBXBuildFile; fileRef = FF9749512B66CEDF0068156C /* MainCellViewModel.swift */; };
/* End PBXBuildFile section */

/* Begin PBXFileReference section */
		FF16F9032B66EDAF00BC053D /* UIImageView+Extensions.swift */ = {isa = PBXFileReference; lastKnownFileType = sourcecode.swift; path = "UIImageView+Extensions.swift"; sourceTree = "<group>"; };
		FF9749242B6537130068156C /* TestApp.app */ = {isa = PBXFileReference; explicitFileType = wrapper.application; includeInIndex = 0; path = TestApp.app; sourceTree = BUILT_PRODUCTS_DIR; };
		FF9749272B6537130068156C /* AppDelegate.swift */ = {isa = PBXFileReference; lastKnownFileType = sourcecode.swift; path = AppDelegate.swift; sourceTree = "<group>"; };
		FF9749292B6537130068156C /* SceneDelegate.swift */ = {isa = PBXFileReference; lastKnownFileType = sourcecode.swift; path = SceneDelegate.swift; sourceTree = "<group>"; };
		FF97492B2B6537130068156C /* MainViewController.swift */ = {isa = PBXFileReference; lastKnownFileType = sourcecode.swift; path = MainViewController.swift; sourceTree = "<group>"; };
		FF9749302B6537140068156C /* Assets.xcassets */ = {isa = PBXFileReference; lastKnownFileType = folder.assetcatalog; path = Assets.xcassets; sourceTree = "<group>"; };
		FF9749332B6537140068156C /* Base */ = {isa = PBXFileReference; lastKnownFileType = file.storyboard; name = Base; path = Base.lproj/LaunchScreen.storyboard; sourceTree = "<group>"; };
		FF9749352B6537140068156C /* Info.plist */ = {isa = PBXFileReference; lastKnownFileType = text.plist.xml; path = Info.plist; sourceTree = "<group>"; };
		FF97493D2B653DBF0068156C /* MainViewModel.swift */ = {isa = PBXFileReference; lastKnownFileType = sourcecode.swift; path = MainViewModel.swift; sourceTree = "<group>"; };
		FF9749432B6549630068156C /* Character.swift */ = {isa = PBXFileReference; lastKnownFileType = sourcecode.swift; path = Character.swift; sourceTree = "<group>"; };
		FF9749452B6553A10068156C /* URLSession+Extensions.swift */ = {isa = PBXFileReference; lastKnownFileType = sourcecode.swift; path = "URLSession+Extensions.swift"; sourceTree = "<group>"; };
		FF9749492B6555310068156C /* NetworkError.swift */ = {isa = PBXFileReference; lastKnownFileType = sourcecode.swift; path = NetworkError.swift; sourceTree = "<group>"; };
		FF97494B2B655CD50068156C /* NetworkService.swift */ = {isa = PBXFileReference; lastKnownFileType = sourcecode.swift; path = NetworkService.swift; sourceTree = "<group>"; };
		FF97494D2B655EE50068156C /* NetworkFacade.swift */ = {isa = PBXFileReference; lastKnownFileType = sourcecode.swift; path = NetworkFacade.swift; sourceTree = "<group>"; };
		FF97494F2B66CA110068156C /* MainConstraintCell.swift */ = {isa = PBXFileReference; lastKnownFileType = sourcecode.swift; path = MainConstraintCell.swift; sourceTree = "<group>"; };
		FF9749512B66CEDF0068156C /* MainCellViewModel.swift */ = {isa = PBXFileReference; lastKnownFileType = sourcecode.swift; path = MainCellViewModel.swift; sourceTree = "<group>"; };
/* End PBXFileReference section */

/* Begin PBXFrameworksBuildPhase section */
		FF9749212B6537130068156C /* Frameworks */ = {
			isa = PBXFrameworksBuildPhase;
			buildActionMask = 2147483647;
			files = (
			);
			runOnlyForDeploymentPostprocessing = 0;
		};
/* End PBXFrameworksBuildPhase section */

/* Begin PBXGroup section */
		FF16F9022B66ED8E00BC053D /* Extensions */ = {
			isa = PBXGroup;
			children = (
				FF16F9032B66EDAF00BC053D /* UIImageView+Extensions.swift */,
			);
			path = Extensions;
			sourceTree = "<group>";
		};
		FF97491B2B6537130068156C = {
			isa = PBXGroup;
			children = (
				FF9749262B6537130068156C /* TestApp */,
				FF9749252B6537130068156C /* Products */,
			);
			sourceTree = "<group>";
		};
		FF9749252B6537130068156C /* Products */ = {
			isa = PBXGroup;
			children = (
				FF9749242B6537130068156C /* TestApp.app */,
			);
			name = Products;
			sourceTree = "<group>";
		};
		FF9749262B6537130068156C /* TestApp */ = {
			isa = PBXGroup;
			children = (
				FF16F9022B66ED8E00BC053D /* Extensions */,
				FF9749422B6549500068156C /* Models */,
				FF97493C2B65393F0068156C /* DetailVC */,
				FF97493B2B6539240068156C /* MainVC */,
				FF97493F2B6547270068156C /* Network */,
				FF9749272B6537130068156C /* AppDelegate.swift */,
				FF9749292B6537130068156C /* SceneDelegate.swift */,
				FF9749302B6537140068156C /* Assets.xcassets */,
				FF9749322B6537140068156C /* LaunchScreen.storyboard */,
				FF9749352B6537140068156C /* Info.plist */,
			);
			path = TestApp;
			sourceTree = "<group>";
		};
		FF97493B2B6539240068156C /* MainVC */ = {
			isa = PBXGroup;
			children = (
				FF97492B2B6537130068156C /* MainViewController.swift */,
				FF97493D2B653DBF0068156C /* MainViewModel.swift */,
				FF97494F2B66CA110068156C /* MainConstraintCell.swift */,
				FF9749512B66CEDF0068156C /* MainCellViewModel.swift */,
			);
			path = MainVC;
			sourceTree = "<group>";
		};
		FF97493C2B65393F0068156C /* DetailVC */ = {
			isa = PBXGroup;
			children = (
			);
			path = DetailVC;
			sourceTree = "<group>";
		};
		FF97493F2B6547270068156C /* Network */ = {
			isa = PBXGroup;
			children = (
				FF9749452B6553A10068156C /* URLSession+Extensions.swift */,
				FF9749492B6555310068156C /* NetworkError.swift */,
				FF97494B2B655CD50068156C /* NetworkService.swift */,
				FF97494D2B655EE50068156C /* NetworkFacade.swift */,
			);
			path = Network;
			sourceTree = "<group>";
		};
		FF9749422B6549500068156C /* Models */ = {
			isa = PBXGroup;
			children = (
				FF9749432B6549630068156C /* Character.swift */,
			);
			path = Models;
			sourceTree = "<group>";
		};
/* End PBXGroup section */

/* Begin PBXNativeTarget section */
		FF9749232B6537130068156C /* TestApp */ = {
			isa = PBXNativeTarget;
			buildConfigurationList = FF9749382B6537140068156C /* Build configuration list for PBXNativeTarget "TestApp" */;
			buildPhases = (
				FF9749202B6537130068156C /* Sources */,
				FF9749212B6537130068156C /* Frameworks */,
				FF9749222B6537130068156C /* Resources */,
			);
			buildRules = (
			);
			dependencies = (
			);
			name = TestApp;
			productName = TestApp;
			productReference = FF9749242B6537130068156C /* TestApp.app */;
			productType = "com.apple.product-type.application";
		};
/* End PBXNativeTarget section */

/* Begin PBXProject section */
		FF97491C2B6537130068156C /* Project object */ = {
			isa = PBXProject;
			attributes = {
				LastSwiftUpdateCheck = 1250;
				LastUpgradeCheck = 1250;
				TargetAttributes = {
					FF9749232B6537130068156C = {
						CreatedOnToolsVersion = 12.5;
					};
				};
			};
			buildConfigurationList = FF97491F2B6537130068156C /* Build configuration list for PBXProject "TestApp" */;
			compatibilityVersion = "Xcode 9.3";
			developmentRegion = en;
			hasScannedForEncodings = 0;
			knownRegions = (
				en,
				Base,
			);
			mainGroup = FF97491B2B6537130068156C;
			productRefGroup = FF9749252B6537130068156C /* Products */;
			projectDirPath = "";
			projectRoot = "";
			targets = (
				FF9749232B6537130068156C /* TestApp */,
			);
		};
/* End PBXProject section */

/* Begin PBXResourcesBuildPhase section */
		FF9749222B6537130068156C /* Resources */ = {
			isa = PBXResourcesBuildPhase;
			buildActionMask = 2147483647;
			files = (
				FF9749342B6537140068156C /* LaunchScreen.storyboard in Resources */,
				FF9749312B6537140068156C /* Assets.xcassets in Resources */,
			);
			runOnlyForDeploymentPostprocessing = 0;
		};
/* End PBXResourcesBuildPhase section */

/* Begin PBXSourcesBuildPhase section */
		FF9749202B6537130068156C /* Sources */ = {
			isa = PBXSourcesBuildPhase;
			buildActionMask = 2147483647;
			files = (
				FF97492C2B6537130068156C /* MainViewController.swift in Sources */,
				FF97494A2B6555310068156C /* NetworkError.swift in Sources */,
				FF9749282B6537130068156C /* AppDelegate.swift in Sources */,
				FF9749522B66CEDF0068156C /* MainCellViewModel.swift in Sources */,
				FF97492A2B6537130068156C /* SceneDelegate.swift in Sources */,
				FF97494E2B655EE50068156C /* NetworkFacade.swift in Sources */,
				FF16F9042B66EDAF00BC053D /* UIImageView+Extensions.swift in Sources */,
				FF97494C2B655CD50068156C /* NetworkService.swift in Sources */,
				FF9749442B6549630068156C /* Character.swift in Sources */,
				FF9749502B66CA110068156C /* MainConstraintCell.swift in Sources */,
				FF97493E2B653DBF0068156C /* MainViewModel.swift in Sources */,
				FF9749462B6553A10068156C /* URLSession+Extensions.swift in Sources */,
			);
			runOnlyForDeploymentPostprocessing = 0;
		};
/* End PBXSourcesBuildPhase section */

/* Begin PBXVariantGroup section */
		FF9749322B6537140068156C /* LaunchScreen.storyboard */ = {
			isa = PBXVariantGroup;
			children = (
				FF9749332B6537140068156C /* Base */,
			);
			name = LaunchScreen.storyboard;
			sourceTree = "<group>";
		};
/* End PBXVariantGroup section */

/* Begin XCBuildConfiguration section */
		FF9749362B6537140068156C /* Debug */ = {
			isa = XCBuildConfiguration;
			buildSettings = {
				ALWAYS_SEARCH_USER_PATHS = NO;
				CLANG_ANALYZER_NONNULL = YES;
				CLANG_ANALYZER_NUMBER_OBJECT_CONVERSION = YES_AGGRESSIVE;
				CLANG_CXX_LANGUAGE_STANDARD = "gnu++14";
				CLANG_CXX_LIBRARY = "libc++";
				CLANG_ENABLE_MODULES = YES;
				CLANG_ENABLE_OBJC_ARC = YES;
				CLANG_ENABLE_OBJC_WEAK = YES;
				CLANG_WARN_BLOCK_CAPTURE_AUTORELEASING = YES;
				CLANG_WARN_BOOL_CONVERSION = YES;
				CLANG_WARN_COMMA = YES;
				CLANG_WARN_CONSTANT_CONVERSION = YES;
				CLANG_WARN_DEPRECATED_OBJC_IMPLEMENTATIONS = YES;
				CLANG_WARN_DIRECT_OBJC_ISA_USAGE = YES_ERROR;
				CLANG_WARN_DOCUMENTATION_COMMENTS = YES;
				CLANG_WARN_EMPTY_BODY = YES;
				CLANG_WARN_ENUM_CONVERSION = YES;
				CLANG_WARN_INFINITE_RECURSION = YES;
				CLANG_WARN_INT_CONVERSION = YES;
				CLANG_WARN_NON_LITERAL_NULL_CONVERSION = YES;
				CLANG_WARN_OBJC_IMPLICIT_RETAIN_SELF = YES;
				CLANG_WARN_OBJC_LITERAL_CONVERSION = YES;
				CLANG_WARN_OBJC_ROOT_CLASS = YES_ERROR;
				CLANG_WARN_QUOTED_INCLUDE_IN_FRAMEWORK_HEADER = YES;
				CLANG_WARN_RANGE_LOOP_ANALYSIS = YES;
				CLANG_WARN_STRICT_PROTOTYPES = YES;
				CLANG_WARN_SUSPICIOUS_MOVE = YES;
				CLANG_WARN_UNGUARDED_AVAILABILITY = YES_AGGRESSIVE;
				CLANG_WARN_UNREACHABLE_CODE = YES;
				CLANG_WARN__DUPLICATE_METHOD_MATCH = YES;
				COPY_PHASE_STRIP = NO;
				DEBUG_INFORMATION_FORMAT = dwarf;
				ENABLE_STRICT_OBJC_MSGSEND = YES;
				ENABLE_TESTABILITY = YES;
				GCC_C_LANGUAGE_STANDARD = gnu11;
				GCC_DYNAMIC_NO_PIC = NO;
				GCC_NO_COMMON_BLOCKS = YES;
				GCC_OPTIMIZATION_LEVEL = 0;
				GCC_PREPROCESSOR_DEFINITIONS = (
					"DEBUG=1",
					"$(inherited)",
				);
				GCC_WARN_64_TO_32_BIT_CONVERSION = YES;
				GCC_WARN_ABOUT_RETURN_TYPE = YES_ERROR;
				GCC_WARN_UNDECLARED_SELECTOR = YES;
				GCC_WARN_UNINITIALIZED_AUTOS = YES_AGGRESSIVE;
				GCC_WARN_UNUSED_FUNCTION = YES;
				GCC_WARN_UNUSED_VARIABLE = YES;
				IPHONEOS_DEPLOYMENT_TARGET = 14.5;
				MTL_ENABLE_DEBUG_INFO = INCLUDE_SOURCE;
				MTL_FAST_MATH = YES;
				ONLY_ACTIVE_ARCH = YES;
				SDKROOT = iphoneos;
				SWIFT_ACTIVE_COMPILATION_CONDITIONS = DEBUG;
				SWIFT_OPTIMIZATION_LEVEL = "-Onone";
			};
			name = Debug;
		};
		FF9749372B6537140068156C /* Release */ = {
			isa = XCBuildConfiguration;
			buildSettings = {
				ALWAYS_SEARCH_USER_PATHS = NO;
				CLANG_ANALYZER_NONNULL = YES;
				CLANG_ANALYZER_NUMBER_OBJECT_CONVERSION = YES_AGGRESSIVE;
				CLANG_CXX_LANGUAGE_STANDARD = "gnu++14";
				CLANG_CXX_LIBRARY = "libc++";
				CLANG_ENABLE_MODULES = YES;
				CLANG_ENABLE_OBJC_ARC = YES;
				CLANG_ENABLE_OBJC_WEAK = YES;
				CLANG_WARN_BLOCK_CAPTURE_AUTORELEASING = YES;
				CLANG_WARN_BOOL_CONVERSION = YES;
				CLANG_WARN_COMMA = YES;
				CLANG_WARN_CONSTANT_CONVERSION = YES;
				CLANG_WARN_DEPRECATED_OBJC_IMPLEMENTATIONS = YES;
				CLANG_WARN_DIRECT_OBJC_ISA_USAGE = YES_ERROR;
				CLANG_WARN_DOCUMENTATION_COMMENTS = YES;
				CLANG_WARN_EMPTY_BODY = YES;
				CLANG_WARN_ENUM_CONVERSION = YES;
				CLANG_WARN_INFINITE_RECURSION = YES;
				CLANG_WARN_INT_CONVERSION = YES;
				CLANG_WARN_NON_LITERAL_NULL_CONVERSION = YES;
				CLANG_WARN_OBJC_IMPLICIT_RETAIN_SELF = YES;
				CLANG_WARN_OBJC_LITERAL_CONVERSION = YES;
				CLANG_WARN_OBJC_ROOT_CLASS = YES_ERROR;
				CLANG_WARN_QUOTED_INCLUDE_IN_FRAMEWORK_HEADER = YES;
				CLANG_WARN_RANGE_LOOP_ANALYSIS = YES;
				CLANG_WARN_STRICT_PROTOTYPES = YES;
				CLANG_WARN_SUSPICIOUS_MOVE = YES;
				CLANG_WARN_UNGUARDED_AVAILABILITY = YES_AGGRESSIVE;
				CLANG_WARN_UNREACHABLE_CODE = YES;
				CLANG_WARN__DUPLICATE_METHOD_MATCH = YES;
				COPY_PHASE_STRIP = NO;
				DEBUG_INFORMATION_FORMAT = "dwarf-with-dsym";
				ENABLE_NS_ASSERTIONS = NO;
				ENABLE_STRICT_OBJC_MSGSEND = YES;
				GCC_C_LANGUAGE_STANDARD = gnu11;
				GCC_NO_COMMON_BLOCKS = YES;
				GCC_WARN_64_TO_32_BIT_CONVERSION = YES;
				GCC_WARN_ABOUT_RETURN_TYPE = YES_ERROR;
				GCC_WARN_UNDECLARED_SELECTOR = YES;
				GCC_WARN_UNINITIALIZED_AUTOS = YES_AGGRESSIVE;
				GCC_WARN_UNUSED_FUNCTION = YES;
				GCC_WARN_UNUSED_VARIABLE = YES;
				IPHONEOS_DEPLOYMENT_TARGET = 14.5;
				MTL_ENABLE_DEBUG_INFO = NO;
				MTL_FAST_MATH = YES;
				SDKROOT = iphoneos;
				SWIFT_COMPILATION_MODE = wholemodule;
				SWIFT_OPTIMIZATION_LEVEL = "-O";
				VALIDATE_PRODUCT = YES;
			};
			name = Release;
		};
		FF9749392B6537140068156C /* Debug */ = {
			isa = XCBuildConfiguration;
			buildSettings = {
				ASSETCATALOG_COMPILER_APPICON_NAME = AppIcon;
				ASSETCATALOG_COMPILER_GLOBAL_ACCENT_COLOR_NAME = AccentColor;
				CODE_SIGN_STYLE = Automatic;
				DEVELOPMENT_TEAM = 7TUNQ9UT9C;
				INFOPLIST_FILE = TestApp/Info.plist;
				LD_RUNPATH_SEARCH_PATHS = (
					"$(inherited)",
					"@executable_path/Frameworks",
				);
				PRODUCT_BUNDLE_IDENTIFIER = ru.NikolaevVasiliy.TestApp;
				PRODUCT_NAME = "$(TARGET_NAME)";
				SWIFT_VERSION = 5.0;
				TARGETED_DEVICE_FAMILY = 1;
			};
			name = Debug;
		};
		FF97493A2B6537140068156C /* Release */ = {
			isa = XCBuildConfiguration;
			buildSettings = {
				ASSETCATALOG_COMPILER_APPICON_NAME = AppIcon;
				ASSETCATALOG_COMPILER_GLOBAL_ACCENT_COLOR_NAME = AccentColor;
				CODE_SIGN_STYLE = Automatic;
				DEVELOPMENT_TEAM = 7TUNQ9UT9C;
				INFOPLIST_FILE = TestApp/Info.plist;
				LD_RUNPATH_SEARCH_PATHS = (
					"$(inherited)",
					"@executable_path/Frameworks",
				);
				PRODUCT_BUNDLE_IDENTIFIER = ru.NikolaevVasiliy.TestApp;
				PRODUCT_NAME = "$(TARGET_NAME)";
				SWIFT_VERSION = 5.0;
				TARGETED_DEVICE_FAMILY = 1;
			};
			name = Release;
		};
/* End XCBuildConfiguration section */

/* Begin XCConfigurationList section */
		FF97491F2B6537130068156C /* Build configuration list for PBXProject "TestApp" */ = {
			isa = XCConfigurationList;
			buildConfigurations = (
				FF9749362B6537140068156C /* Debug */,
				FF9749372B6537140068156C /* Release */,
			);
			defaultConfigurationIsVisible = 0;
			defaultConfigurationName = Release;
		};
		FF9749382B6537140068156C /* Build configuration list for PBXNativeTarget "TestApp" */ = {
			isa = XCConfigurationList;
			buildConfigurations = (
				FF9749392B6537140068156C /* Debug */,
				FF97493A2B6537140068156C /* Release */,
			);
			defaultConfigurationIsVisible = 0;
			defaultConfigurationName = Release;
		};
/* End XCConfigurationList section */
	};
	rootObject = FF97491C2B6537130068156C /* Project object */;
}
